
Microsoft Visual Studio Solution File, Format Version 12.00
# Visual Studio 15
VisualStudioVersion = 15.0.27428.2011
MinimumVisualStudioVersion = 10.0.40219.1
Project("{FAE04EC0-301F-11D3-BF4B-00C04F79EFBC}") = "AD2-lab5-ex2015-16", "AD2-lab5-ex2015-16\AD2-lab5-ex2015-16.csproj", "{90782AF6-7D5E-42A5-A9FC-CFC2F47804CA}"
EndProject
Global
	GlobalSection(SolutionConfigurationPlatforms) = preSolution
		Debug|Any CPU = Debug|Any CPU
		Release|Any CPU = Release|Any CPU
	EndGlobalSection
	GlobalSection(ProjectConfigurationPlatforms) = postSolution
		{90782AF6-7D5E-42A5-A9FC-CFC2F47804CA}.Debug|Any CPU.ActiveCfg = Debug|Any CPU
		{90782AF6-7D5E-42A5-A9FC-CFC2F47804CA}.Debug|Any CPU.Build.0 = Debug|Any CPU
		{90782AF6-7D5E-42A5-A9FC-CFC2F47804CA}.Release|Any CPU.ActiveCfg = Release|Any CPU
		{90782AF6-7D5E-42A5-A9FC-CFC2F47804CA}.Release|Any CPU.Build.0 = Release|Any CPU
	EndGlobalSection
	GlobalSection(SolutionProperties) = preSolution
		HideSolutionNode = FALSE
	EndGlobalSection
	GlobalSection(ExtensibilityGlobals) = postSolution
		SolutionGuid = {C9A2D894-7347-45C6-AE5F-DCC410F97BEB}
	EndGlobalSection
EndGlobal
